// !$*UTF8*$!
{
	archiveVersion = 1;
	classes = {
	};
	objectVersion = 77;
	objects = {

/* Begin PBXBuildFile section */
		1B13544F2DEDEABA00EBF77B /* FirebaseAuth in Frameworks */ = {isa = PBXBuildFile; productRef = 1B13544E2DEDEABA00EBF77B /* FirebaseAuth */; };
		1B1354512DEDEABA00EBF77B /* FirebaseFirestore in Frameworks */ = {isa = PBXBuildFile; productRef = 1B1354502DEDEABA00EBF77B /* FirebaseFirestore */; };
		1B1354532DEDEAF500EBF77B /* FirebaseCore in Frameworks */ = {isa = PBXBuildFile; productRef = 1B1354522DEDEAF500EBF77B /* FirebaseCore */; };
		1B1D5B0E2E26A66700A5F70F /* Launch Screen.storyboard in Resources */ = {isa = PBXBuildFile; fileRef = 1B1D5B0D2E26A66700A5F70F /* Launch Screen.storyboard */; };
		1BA24ABC2DEF47D700DCA65F /* Lottie in Frameworks */ = {isa = PBXBuildFile; productRef = 1BA24ABB2DEF47D700DCA65F /* Lottie */; };
		1BAD97662DEF437200F7E04B /* ConfettiSwiftUI in Frameworks */ = {isa = PBXBuildFile; productRef = 1BAD97652DEF437200F7E04B /* ConfettiSwiftUI */; };
		1BAD97692DEF437F00F7E04B /* Device in Frameworks */ = {isa = PBXBuildFile; productRef = 1BAD97682DEF437F00F7E04B /* Device */; };
		1BAD976C2DEF438C00F7E04B /* Mixpanel in Frameworks */ = {isa = PBXBuildFile; productRef = 1BAD976B2DEF438C00F7E04B /* Mixpanel */; };
		1BAD976F2DEF439A00F7E04B /* PopupView in Frameworks */ = {isa = PBXBuildFile; productRef = 1BAD976E2DEF439A00F7E04B /* PopupView */; };
		1BAD97722DEF43AD00F7E04B /* SwiftySound in Frameworks */ = {isa = PBXBuildFile; productRef = 1BAD97712DEF43AD00F7E04B /* SwiftySound */; };
		1BAD97752DEF43EE00F7E04B /* ReuseAcross in Frameworks */ = {isa = PBXBuildFile; productRef = 1BAD97742DEF43EE00F7E04B /* ReuseAcross */; };
		1BB737AE2E1275C200EA3F6B /* StoreKit.framework in Frameworks */ = {isa = PBXBuildFile; fileRef = 1BB737AD2E1275C200EA3F6B /* StoreKit.framework */; };
/* End PBXBuildFile section */

/* Begin PBXFileReference section */
		1B1D5B0D2E26A66700A5F70F /* Launch Screen.storyboard */ = {isa = PBXFileReference; lastKnownFileType = file.storyboard; path = "Launch Screen.storyboard"; sourceTree = "<group>"; };
		1BB737AD2E1275C200EA3F6B /* StoreKit.framework */ = {isa = PBXFileReference; lastKnownFileType = wrapper.framework; name = StoreKit.framework; path = System/Library/Frameworks/StoreKit.framework; sourceTree = SDKROOT; };
		1BD2FC532DE96D5C0019C364 /* PlantKit.app */ = {isa = PBXFileReference; explicitFileType = wrapper.application; includeInIndex = 0; path = PlantKit.app; sourceTree = BUILT_PRODUCTS_DIR; };
/* End PBXFileReference section */

/* Begin PBXFileSystemSynchronizedBuildFileExceptionSet section */
		1B1354552DEE0A1000EBF77B /* Exceptions for "PlantKit" folder in "PlantKit" target */ = {
			isa = PBXFileSystemSynchronizedBuildFileExceptionSet;
			membershipExceptions = (
				Info.plist,
			);
			target = 1BD2FC522DE96D5C0019C364 /* PlantKit */;
		};
/* End PBXFileSystemSynchronizedBuildFileExceptionSet section */

/* Begin PBXFileSystemSynchronizedRootGroup section */
		1BD2FC552DE96D5C0019C364 /* PlantKit */ = {
			isa = PBXFileSystemSynchronizedRootGroup;
			exceptions = (
				1B1354552DEE0A1000EBF77B /* Exceptions for "PlantKit" folder in "PlantKit" target */,
			);
			path = PlantKit;
			sourceTree = "<group>";
		};
/* End PBXFileSystemSynchronizedRootGroup section */

/* Begin PBXFrameworksBuildPhase section */
		1BD2FC502DE96D5C0019C364 /* Frameworks */ = {
			isa = PBXFrameworksBuildPhase;
			buildActionMask = 2147483647;
			files = (
				1BAD97662DEF437200F7E04B /* ConfettiSwiftUI in Frameworks */,
				1BAD97752DEF43EE00F7E04B /* ReuseAcross in Frameworks */,
				1B13544F2DEDEABA00EBF77B /* FirebaseAuth in Frameworks */,
				1BAD976F2DEF439A00F7E04B /* PopupView in Frameworks */,
				1B1354532DEDEAF500EBF77B /* FirebaseCore in Frameworks */,
				1BA24ABC2DEF47D700DCA65F /* Lottie in Frameworks */,
				1B1354512DEDEABA00EBF77B /* FirebaseFirestore in Frameworks */,
				1BAD97722DEF43AD00F7E04B /* SwiftySound in Frameworks */,
				1BAD976C2DEF438C00F7E04B /* Mixpanel in Frameworks */,
				1BAD97692DEF437F00F7E04B /* Device in Frameworks */,
				1BB737AE2E1275C200EA3F6B /* StoreKit.framework in Frameworks */,
			);
			runOnlyForDeploymentPostprocessing = 0;
		};
/* End PBXFrameworksBuildPhase section */

/* Begin PBXGroup section */
		1BB737AC2E1275C200EA3F6B /* Frameworks */ = {
			isa = PBXGroup;
			children = (
				1BB737AD2E1275C200EA3F6B /* StoreKit.framework */,
			);
			name = Frameworks;
			sourceTree = "<group>";
		};
		1BD2FC4A2DE96D5C0019C364 = {
			isa = PBXGroup;
			children = (
				1B1D5B0D2E26A66700A5F70F /* Launch Screen.storyboard */,
				1BD2FC552DE96D5C0019C364 /* PlantKit */,
				1BB737AC2E1275C200EA3F6B /* Frameworks */,
				1BD2FC542DE96D5C0019C364 /* Products */,
			);
			sourceTree = "<group>";
		};
		1BD2FC542DE96D5C0019C364 /* Products */ = {
			isa = PBXGroup;
			children = (
				1BD2FC532DE96D5C0019C364 /* PlantKit.app */,
			);
			name = Products;
			sourceTree = "<group>";
		};
/* End PBXGroup section */

/* Begin PBXNativeTarget section */
		1BD2FC522DE96D5C0019C364 /* PlantKit */ = {
			isa = PBXNativeTarget;
			buildConfigurationList = 1BD2FC662DE96D5E0019C364 /* Build configuration list for PBXNativeTarget "PlantKit" */;
			buildPhases = (
				1BD2FC4F2DE96D5C0019C364 /* Sources */,
				1BD2FC502DE96D5C0019C364 /* Frameworks */,
				1BD2FC512DE96D5C0019C364 /* Resources */,
			);
			buildRules = (
			);
			dependencies = (
			);
			fileSystemSynchronizedGroups = (
				1BD2FC552DE96D5C0019C364 /* PlantKit */,
			);
			name = PlantKit;
			packageProductDependencies = (
				1B13544E2DEDEABA00EBF77B /* FirebaseAuth */,
				1B1354502DEDEABA00EBF77B /* FirebaseFirestore */,
				1B1354522DEDEAF500EBF77B /* FirebaseCore */,
				1BAD97652DEF437200F7E04B /* ConfettiSwiftUI */,
				1BAD97682DEF437F00F7E04B /* Device */,
				1BAD976B2DEF438C00F7E04B /* Mixpanel */,
				1BAD976E2DEF439A00F7E04B /* PopupView */,
				1BAD97712DEF43AD00F7E04B /* SwiftySound */,
				1BAD97742DEF43EE00F7E04B /* ReuseAcross */,
				1BA24ABB2DEF47D700DCA65F /* Lottie */,
			);
			productName = PlantKit;
			productReference = 1BD2FC532DE96D5C0019C364 /* PlantKit.app */;
			productType = "com.apple.product-type.application";
		};
/* End PBXNativeTarget section */

/* Begin PBXProject section */
		1BD2FC4B2DE96D5C0019C364 /* Project object */ = {
			isa = PBXProject;
			attributes = {
				BuildIndependentTargetsInParallel = 1;
				LastSwiftUpdateCheck = 1620;
				LastUpgradeCheck = 1620;
				TargetAttributes = {
					1BD2FC522DE96D5C0019C364 = {
						CreatedOnToolsVersion = 16.2;
					};
				};
			};
			buildConfigurationList = 1BD2FC4E2DE96D5C0019C364 /* Build configuration list for PBXProject "PlantKit" */;
			developmentRegion = en;
			hasScannedForEncodings = 0;
			knownRegions = (
				en,
				Base,
			);
			mainGroup = 1BD2FC4A2DE96D5C0019C364;
			minimizedProjectReferenceProxies = 1;
			packageReferences = (
				1B13544D2DEDEABA00EBF77B /* XCRemoteSwiftPackageReference "firebase-ios-sdk" */,
				1BAD97642DEF437200F7E04B /* XCRemoteSwiftPackageReference "ConfettiSwiftUI" */,
				1BAD97672DEF437F00F7E04B /* XCRemoteSwiftPackageReference "Device" */,
				1BAD976A2DEF438C00F7E04B /* XCRemoteSwiftPackageReference "mixpanel-swift" */,
				1BAD976D2DEF439A00F7E04B /* XCRemoteSwiftPackageReference "PopupView" */,
				1BAD97702DEF43AD00F7E04B /* XCRemoteSwiftPackageReference "SwiftySound" */,
				1BAD97732DEF43EE00F7E04B /* XCLocalSwiftPackageReference "../ReuseAcross" */,
				1BA24ABA2DEF47D700DCA65F /* XCRemoteSwiftPackageReference "lottie-ios" */,
			);
			preferredProjectObjectVersion = 77;
			productRefGroup = 1BD2FC542DE96D5C0019C364 /* Products */;
			projectDirPath = "";
			projectRoot = "";
			targets = (
				1BD2FC522DE96D5C0019C364 /* PlantKit */,
			);
		};
/* End PBXProject section */

/* Begin PBXResourcesBuildPhase section */
		1BD2FC512DE96D5C0019C364 /* Resources */ = {
			isa = PBXResourcesBuildPhase;
			buildActionMask = 2147483647;
			files = (
				1B1D5B0E2E26A66700A5F70F /* Launch Screen.storyboard in Resources */,
			);
			runOnlyForDeploymentPostprocessing = 0;
		};
/* End PBXResourcesBuildPhase section */

/* Begin PBXSourcesBuildPhase section */
		1BD2FC4F2DE96D5C0019C364 /* Sources */ = {
			isa = PBXSourcesBuildPhase;
			buildActionMask = 2147483647;
			files = (
			);
			runOnlyForDeploymentPostprocessing = 0;
		};
/* End PBXSourcesBuildPhase section */

/* Begin XCBuildConfiguration section */
		1BD2FC642DE96D5E0019C364 /* Debug */ = {
			isa = XCBuildConfiguration;
			buildSettings = {
				ALWAYS_SEARCH_USER_PATHS = NO;
				ASSETCATALOG_COMPILER_GENERATE_SWIFT_ASSET_SYMBOL_EXTENSIONS = YES;
				CLANG_ANALYZER_NONNULL = YES;
				CLANG_ANALYZER_NUMBER_OBJECT_CONVERSION = YES_AGGRESSIVE;
				CLANG_CXX_LANGUAGE_STANDARD = "gnu++20";
				CLANG_ENABLE_MODULES = YES;
				CLANG_ENABLE_OBJC_ARC = YES;
				CLANG_ENABLE_OBJC_WEAK = YES;
				CLANG_WARN_BLOCK_CAPTURE_AUTORELEASING = YES;
				CLANG_WARN_BOOL_CONVERSION = YES;
				CLANG_WARN_COMMA = YES;
				CLANG_WARN_CONSTANT_CONVERSION = YES;
				CLANG_WARN_DEPRECATED_OBJC_IMPLEMENTATIONS = YES;
				CLANG_WARN_DIRECT_OBJC_ISA_USAGE = YES_ERROR;
				CLANG_WARN_DOCUMENTATION_COMMENTS = YES;
				CLANG_WARN_EMPTY_BODY = YES;
				CLANG_WARN_ENUM_CONVERSION = YES;
				CLANG_WARN_INFINITE_RECURSION = YES;
				CLANG_WARN_INT_CONVERSION = YES;
				CLANG_WARN_NON_LITERAL_NULL_CONVERSION = YES;
				CLANG_WARN_OBJC_IMPLICIT_RETAIN_SELF = YES;
				CLANG_WARN_OBJC_LITERAL_CONVERSION = YES;
				CLANG_WARN_OBJC_ROOT_CLASS = YES_ERROR;
				CLANG_WARN_QUOTED_INCLUDE_IN_FRAMEWORK_HEADER = YES;
				CLANG_WARN_RANGE_LOOP_ANALYSIS = YES;
				CLANG_WARN_STRICT_PROTOTYPES = YES;
				CLANG_WARN_SUSPICIOUS_MOVE = YES;
				CLANG_WARN_UNGUARDED_AVAILABILITY = YES_AGGRESSIVE;
				CLANG_WARN_UNREACHABLE_CODE = YES;
				CLANG_WARN__DUPLICATE_METHOD_MATCH = YES;
				COPY_PHASE_STRIP = NO;
				DEBUG_INFORMATION_FORMAT = dwarf;
				ENABLE_STRICT_OBJC_MSGSEND = YES;
				ENABLE_TESTABILITY = YES;
				ENABLE_USER_SCRIPT_SANDBOXING = YES;
				GCC_C_LANGUAGE_STANDARD = gnu17;
				GCC_DYNAMIC_NO_PIC = NO;
				GCC_NO_COMMON_BLOCKS = YES;
				GCC_OPTIMIZATION_LEVEL = 0;
				GCC_PREPROCESSOR_DEFINITIONS = (
					"DEBUG=1",
					"$(inherited)",
				);
				GCC_WARN_64_TO_32_BIT_CONVERSION = YES;
				GCC_WARN_ABOUT_RETURN_TYPE = YES_ERROR;
				GCC_WARN_UNDECLARED_SELECTOR = YES;
				GCC_WARN_UNINITIALIZED_AUTOS = YES_AGGRESSIVE;
				GCC_WARN_UNUSED_FUNCTION = YES;
				GCC_WARN_UNUSED_VARIABLE = YES;
				IPHONEOS_DEPLOYMENT_TARGET = 18.2;
				LOCALIZATION_PREFERS_STRING_CATALOGS = YES;
				MTL_ENABLE_DEBUG_INFO = INCLUDE_SOURCE;
				MTL_FAST_MATH = YES;
				ONLY_ACTIVE_ARCH = YES;
				SDKROOT = iphoneos;
				SWIFT_ACTIVE_COMPILATION_CONDITIONS = "DEBUG $(inherited)";
				SWIFT_OPTIMIZATION_LEVEL = "-Onone";
			};
			name = Debug;
		};
		1BD2FC652DE96D5E0019C364 /* Release */ = {
			isa = XCBuildConfiguration;
			buildSettings = {
				ALWAYS_SEARCH_USER_PATHS = NO;
				ASSETCATALOG_COMPILER_GENERATE_SWIFT_ASSET_SYMBOL_EXTENSIONS = YES;
				CLANG_ANALYZER_NONNULL = YES;
				CLANG_ANALYZER_NUMBER_OBJECT_CONVERSION = YES_AGGRESSIVE;
				CLANG_CXX_LANGUAGE_STANDARD = "gnu++20";
				CLANG_ENABLE_MODULES = YES;
				CLANG_ENABLE_OBJC_ARC = YES;
				CLANG_ENABLE_OBJC_WEAK = YES;
				CLANG_WARN_BLOCK_CAPTURE_AUTORELEASING = YES;
				CLANG_WARN_BOOL_CONVERSION = YES;
				CLANG_WARN_COMMA = YES;
				CLANG_WARN_CONSTANT_CONVERSION = YES;
				CLANG_WARN_DEPRECATED_OBJC_IMPLEMENTATIONS = YES;
				CLANG_WARN_DIRECT_OBJC_ISA_USAGE = YES_ERROR;
				CLANG_WARN_DOCUMENTATION_COMMENTS = YES;
				CLANG_WARN_EMPTY_BODY = YES;
				CLANG_WARN_ENUM_CONVERSION = YES;
				CLANG_WARN_INFINITE_RECURSION = YES;
				CLANG_WARN_INT_CONVERSION = YES;
				CLANG_WARN_NON_LITERAL_NULL_CONVERSION = YES;
				CLANG_WARN_OBJC_IMPLICIT_RETAIN_SELF = YES;
				CLANG_WARN_OBJC_LITERAL_CONVERSION = YES;
				CLANG_WARN_OBJC_ROOT_CLASS = YES_ERROR;
				CLANG_WARN_QUOTED_INCLUDE_IN_FRAMEWORK_HEADER = YES;
				CLANG_WARN_RANGE_LOOP_ANALYSIS = YES;
				CLANG_WARN_STRICT_PROTOTYPES = YES;
				CLANG_WARN_SUSPICIOUS_MOVE = YES;
				CLANG_WARN_UNGUARDED_AVAILABILITY = YES_AGGRESSIVE;
				CLANG_WARN_UNREACHABLE_CODE = YES;
				CLANG_WARN__DUPLICATE_METHOD_MATCH = YES;
				COPY_PHASE_STRIP = NO;
				DEBUG_INFORMATION_FORMAT = "dwarf-with-dsym";
				ENABLE_NS_ASSERTIONS = NO;
				ENABLE_STRICT_OBJC_MSGSEND = YES;
				ENABLE_USER_SCRIPT_SANDBOXING = YES;
				GCC_C_LANGUAGE_STANDARD = gnu17;
				GCC_NO_COMMON_BLOCKS = YES;
				GCC_WARN_64_TO_32_BIT_CONVERSION = YES;
				GCC_WARN_ABOUT_RETURN_TYPE = YES_ERROR;
				GCC_WARN_UNDECLARED_SELECTOR = YES;
				GCC_WARN_UNINITIALIZED_AUTOS = YES_AGGRESSIVE;
				GCC_WARN_UNUSED_FUNCTION = YES;
				GCC_WARN_UNUSED_VARIABLE = YES;
				IPHONEOS_DEPLOYMENT_TARGET = 18.2;
				LOCALIZATION_PREFERS_STRING_CATALOGS = YES;
				MTL_ENABLE_DEBUG_INFO = NO;
				MTL_FAST_MATH = YES;
				SDKROOT = iphoneos;
				SWIFT_COMPILATION_MODE = wholemodule;
				VALIDATE_PRODUCT = YES;
			};
			name = Release;
		};
		1BD2FC672DE96D5E0019C364 /* Debug */ = {
			isa = XCBuildConfiguration;
			buildSettings = {
				ASSETCATALOG_COMPILER_APPICON_NAME = AppIcon;
				ASSETCATALOG_COMPILER_GLOBAL_ACCENT_COLOR_NAME = AccentColor;
				CODE_SIGN_ENTITLEMENTS = PlantKit/PlantKit.entitlements;
				CODE_SIGN_IDENTITY = "Apple Development";
				CODE_SIGN_STYLE = Automatic;
				CURRENT_PROJECT_VERSION = 24;
				DEVELOPMENT_ASSET_PATHS = "\"PlantKit/Preview Content\"";
				DEVELOPMENT_TEAM = SKNJUSC35K;
				ENABLE_PREVIEWS = YES;
				GENERATE_INFOPLIST_FILE = YES;
				INFOPLIST_FILE = PlantKit/Info.plist;
				INFOPLIST_KEY_CFBundleDisplayName = PlantKit;
				INFOPLIST_KEY_LSApplicationCategoryType = "public.app-category.education";
				INFOPLIST_KEY_NSCameraUsageDescription = "We use the camera to identify plants by scanning them.";
				INFOPLIST_KEY_NSLocationAlwaysAndWhenInUseUsageDescription = "Location helps us provide better plant care recommendations based on your climate and growing conditions.";
				INFOPLIST_KEY_NSLocationWhenInUseUsageDescription = "Location helps us provide better plant care recommendations based on your climate and growing conditions.";
				INFOPLIST_KEY_UIApplicationSceneManifest_Generation = YES;
				INFOPLIST_KEY_UIApplicationSupportsIndirectInputEvents = YES;
				INFOPLIST_KEY_UILaunchScreen_Generation = YES;
				INFOPLIST_KEY_UILaunchStoryboardName = "Launch Screen";
				INFOPLIST_KEY_UISupportedInterfaceOrientations_iPad = "UIInterfaceOrientationPortrait UIInterfaceOrientationPortraitUpsideDown UIInterfaceOrientationLandscapeLeft UIInterfaceOrientationLandscapeRight";
				INFOPLIST_KEY_UISupportedInterfaceOrientations_iPhone = "UIInterfaceOrientationPortrait UIInterfaceOrientationLandscapeLeft UIInterfaceOrientationLandscapeRight";
				INFOPLIST_KEY_UIUserInterfaceStyle = Light;
				IPHONEOS_DEPLOYMENT_TARGET = 16.6;
				LD_RUNPATH_SEARCH_PATHS = (
					"$(inherited)",
					"@executable_path/Frameworks",
				);
				MARKETING_VERSION = 1.0.7;
				PRODUCT_BUNDLE_IDENTIFIER = app.plantkit.PlantKit;
				PRODUCT_NAME = "$(TARGET_NAME)";
				PROVISIONING_PROFILE_SPECIFIER = "";
				SUPPORTED_PLATFORMS = "iphoneos iphonesimulator";
				SUPPORTS_MACCATALYST = NO;
				SUPPORTS_MAC_DESIGNED_FOR_IPHONE_IPAD = NO;
				SUPPORTS_XR_DESIGNED_FOR_IPHONE_IPAD = NO;
				SWIFT_EMIT_LOC_STRINGS = YES;
				SWIFT_VERSION = 5.0;
				TARGETED_DEVICE_FAMILY = 1;
			};
			name = Debug;
		};
		1BD2FC682DE96D5E0019C364 /* Release */ = {
			isa = XCBuildConfiguration;
			buildSettings = {
				ASSETCATALOG_COMPILER_APPICON_NAME = AppIcon;
				ASSETCATALOG_COMPILER_GLOBAL_ACCENT_COLOR_NAME = AccentColor;
				CODE_SIGN_ENTITLEMENTS = PlantKit/PlantKit.entitlements;
				CODE_SIGN_IDENTITY = "Apple Development";
				CODE_SIGN_STYLE = Automatic;
				CURRENT_PROJECT_VERSION = 24;
				DEVELOPMENT_ASSET_PATHS = "\"PlantKit/Preview Content\"";
				DEVELOPMENT_TEAM = SKNJUSC35K;
				ENABLE_PREVIEWS = YES;
				GENERATE_INFOPLIST_FILE = YES;
				INFOPLIST_FILE = PlantKit/Info.plist;
				INFOPLIST_KEY_CFBundleDisplayName = PlantKit;
				INFOPLIST_KEY_LSApplicationCategoryType = "public.app-category.education";
				INFOPLIST_KEY_NSCameraUsageDescription = "We use the camera to identify plants by scanning them.";
				INFOPLIST_KEY_NSLocationAlwaysAndWhenInUseUsageDescription = "Location helps us provide better plant care recommendations based on your climate and growing conditions.";
				INFOPLIST_KEY_NSLocationWhenInUseUsageDescription = "Location helps us provide better plant care recommendations based on your climate and growing conditions.";
				INFOPLIST_KEY_UIApplicationSceneManifest_Generation = YES;
				INFOPLIST_KEY_UIApplicationSupportsIndirectInputEvents = YES;
				INFOPLIST_KEY_UILaunchScreen_Generation = YES;
				INFOPLIST_KEY_UILaunchStoryboardName = "Launch Screen";
				INFOPLIST_KEY_UISupportedInterfaceOrientations_iPad = "UIInterfaceOrientationPortrait UIInterfaceOrientationPortraitUpsideDown UIInterfaceOrientationLandscapeLeft UIInterfaceOrientationLandscapeRight";
				INFOPLIST_KEY_UISupportedInterfaceOrientations_iPhone = "UIInterfaceOrientationPortrait UIInterfaceOrientationLandscapeLeft UIInterfaceOrientationLandscapeRight";
				INFOPLIST_KEY_UIUserInterfaceStyle = Light;
				IPHONEOS_DEPLOYMENT_TARGET = 16.6;
				LD_RUNPATH_SEARCH_PATHS = (
					"$(inherited)",
					"@executable_path/Frameworks",
				);
				MARKETING_VERSION = 1.0.7;
				PRODUCT_BUNDLE_IDENTIFIER = app.plantkit.PlantKit;
				PRODUCT_NAME = "$(TARGET_NAME)";
				PROVISIONING_PROFILE_SPECIFIER = "";
				SUPPORTED_PLATFORMS = "iphoneos iphonesimulator";
				SUPPORTS_MACCATALYST = NO;
				SUPPORTS_MAC_DESIGNED_FOR_IPHONE_IPAD = NO;
				SUPPORTS_XR_DESIGNED_FOR_IPHONE_IPAD = NO;
				SWIFT_EMIT_LOC_STRINGS = YES;
				SWIFT_VERSION = 5.0;
				TARGETED_DEVICE_FAMILY = 1;
			};
			name = Release;
		};
/* End XCBuildConfiguration section */

/* Begin XCConfigurationList section */
		1BD2FC4E2DE96D5C0019C364 /* Build configuration list for PBXProject "PlantKit" */ = {
			isa = XCConfigurationList;
			buildConfigurations = (
				1BD2FC642DE96D5E0019C364 /* Debug */,
				1BD2FC652DE96D5E0019C364 /* Release */,
			);
			defaultConfigurationIsVisible = 0;
			defaultConfigurationName = Release;
		};
		1BD2FC662DE96D5E0019C364 /* Build configuration list for PBXNativeTarget "PlantKit" */ = {
			isa = XCConfigurationList;
			buildConfigurations = (
				1BD2FC672DE96D5E0019C364 /* Debug */,
				1BD2FC682DE96D5E0019C364 /* Release */,
			);
			defaultConfigurationIsVisible = 0;
			defaultConfigurationName = Release;
		};
/* End XCConfigurationList section */

/* Begin XCLocalSwiftPackageReference section */
		1BAD97732DEF43EE00F7E04B /* XCLocalSwiftPackageReference "../ReuseAcross" */ = {
			isa = XCLocalSwiftPackageReference;
			relativePath = ../ReuseAcross;
		};
/* End XCLocalSwiftPackageReference section */

/* Begin XCRemoteSwiftPackageReference section */
		1B13544D2DEDEABA00EBF77B /* XCRemoteSwiftPackageReference "firebase-ios-sdk" */ = {
			isa = XCRemoteSwiftPackageReference;
			repositoryURL = "https://github.com/firebase/firebase-ios-sdk.git";
			requirement = {
				kind = upToNextMajorVersion;
				minimumVersion = 11.13.0;
			};
		};
		1BA24ABA2DEF47D700DCA65F /* XCRemoteSwiftPackageReference "lottie-ios" */ = {
			isa = XCRemoteSwiftPackageReference;
			repositoryURL = "https://github.com/airbnb/lottie-ios.git";
			requirement = {
				kind = upToNextMajorVersion;
				minimumVersion = 4.5.2;
			};
		};
		1BAD97642DEF437200F7E04B /* XCRemoteSwiftPackageReference "ConfettiSwiftUI" */ = {
			isa = XCRemoteSwiftPackageReference;
			repositoryURL = "https://github.com/simibac/ConfettiSwiftUI.git";
			requirement = {
				kind = upToNextMajorVersion;
				minimumVersion = 2.0.3;
			};
		};
		1BAD97672DEF437F00F7E04B /* XCRemoteSwiftPackageReference "Device" */ = {
			isa = XCRemoteSwiftPackageReference;
			repositoryURL = "https://github.com/Ekhoo/Device.git";
			requirement = {
				kind = upToNextMajorVersion;
				minimumVersion = 3.7.0;
			};
		};
		1BAD976A2DEF438C00F7E04B /* XCRemoteSwiftPackageReference "mixpanel-swift" */ = {
			isa = XCRemoteSwiftPackageReference;
			repositoryURL = "https://github.com/mixpanel/mixpanel-swift";
			requirement = {
				branch = master;
				kind = branch;
			};
		};
		1BAD976D2DEF439A00F7E04B /* XCRemoteSwiftPackageReference "PopupView" */ = {
			isa = XCRemoteSwiftPackageReference;
			repositoryURL = "https://github.com/exyte/PopupView.git";
			requirement = {
				kind = upToNextMajorVersion;
				minimumVersion = 4.1.10;
			};
		};
		1BAD97702DEF43AD00F7E04B /* XCRemoteSwiftPackageReference "SwiftySound" */ = {
			isa = XCRemoteSwiftPackageReference;
			repositoryURL = "https://github.com/adamcichy/SwiftySound.git";
			requirement = {
				kind = upToNextMajorVersion;
				minimumVersion = 1.3.0;
			};
		};
/* End XCRemoteSwiftPackageReference section */

/* Begin XCSwiftPackageProductDependency section */
		1B13544E2DEDEABA00EBF77B /* FirebaseAuth */ = {
			isa = XCSwiftPackageProductDependency;
			package = 1B13544D2DEDEABA00EBF77B /* XCRemoteSwiftPackageReference "firebase-ios-sdk" */;
			productName = FirebaseAuth;
		};
		1B1354502DEDEABA00EBF77B /* FirebaseFirestore */ = {
			isa = XCSwiftPackageProductDependency;
			package = 1B13544D2DEDEABA00EBF77B /* XCRemoteSwiftPackageReference "firebase-ios-sdk" */;
			productName = FirebaseFirestore;
		};
		1B1354522DEDEAF500EBF77B /* FirebaseCore */ = {
			isa = XCSwiftPackageProductDependency;
			package = 1B13544D2DEDEABA00EBF77B /* XCRemoteSwiftPackageReference "firebase-ios-sdk" */;
			productName = FirebaseCore;
		};
		1BA24ABB2DEF47D700DCA65F /* Lottie */ = {
			isa = XCSwiftPackageProductDependency;
			package = 1BA24ABA2DEF47D700DCA65F /* XCRemoteSwiftPackageReference "lottie-ios" */;
			productName = Lottie;
		};
		1BAD97652DEF437200F7E04B /* ConfettiSwiftUI */ = {
			isa = XCSwiftPackageProductDependency;
			package = 1BAD97642DEF437200F7E04B /* XCRemoteSwiftPackageReference "ConfettiSwiftUI" */;
			productName = ConfettiSwiftUI;
		};
		1BAD97682DEF437F00F7E04B /* Device */ = {
			isa = XCSwiftPackageProductDependency;
			package = 1BAD97672DEF437F00F7E04B /* XCRemoteSwiftPackageReference "Device" */;
			productName = Device;
		};
		1BAD976B2DEF438C00F7E04B /* Mixpanel */ = {
			isa = XCSwiftPackageProductDependency;
			package = 1BAD976A2DEF438C00F7E04B /* XCRemoteSwiftPackageReference "mixpanel-swift" */;
			productName = Mixpanel;
		};
		1BAD976E2DEF439A00F7E04B /* PopupView */ = {
			isa = XCSwiftPackageProductDependency;
			package = 1BAD976D2DEF439A00F7E04B /* XCRemoteSwiftPackageReference "PopupView" */;
			productName = PopupView;
		};
		1BAD97712DEF43AD00F7E04B /* SwiftySound */ = {
			isa = XCSwiftPackageProductDependency;
			package = 1BAD97702DEF43AD00F7E04B /* XCRemoteSwiftPackageReference "SwiftySound" */;
			productName = SwiftySound;
		};
		1BAD97742DEF43EE00F7E04B /* ReuseAcross */ = {
			isa = XCSwiftPackageProductDependency;
			productName = ReuseAcross;
		};
/* End XCSwiftPackageProductDependency section */
	};
	rootObject = 1BD2FC4B2DE96D5C0019C364 /* Project object */;
}
